# THIS IS AN AUTOGENERATED FILE. DO NOT EDIT THIS FILE DIRECTLY.
# yarn lockfile v1


autoprefixer@^10.2.5:
  version "10.2.5"
  resolved "https://registry.yarnpkg.com/autoprefixer/-/autoprefixer-10.2.5.tgz#096a0337dbc96c0873526d7fef5de4428d05382d"
  integrity sha512-7H4AJZXvSsn62SqZyJCP+1AWwOuoYpUfK6ot9vm0e87XD6mT8lDywc9D9OTJPMULyGcvmIxzTAMeG2Cc+YX+fA==
  dependencies:
    browserslist "^4.16.3"
    caniuse-lite "^1.0.30001196"
    colorette "^1.2.2"
    fraction.js "^4.0.13"
    normalize-range "^0.1.2"
    postcss-value-parser "^4.1.0"

browserslist@^4.16.3:
  version "4.16.3"
  resolved "https://registry.yarnpkg.com/browserslist/-/browserslist-4.16.3.tgz#340aa46940d7db878748567c5dea24a48ddf3717"
  integrity sha512-vIyhWmIkULaq04Gt93txdh+j02yX/JzlyhLYbV3YQCn/zvES3JnY7TifHHvvr1w5hTDluNKMkV05cs4vy8Q7sw==
  dependencies:
    caniuse-lite "^1.0.30001181"
    colorette "^1.2.1"
    electron-to-chromium "^1.3.649"
    escalade "^3.1.1"
    node-releases "^1.1.70"

caniuse-lite@^1.0.30001181, caniuse-lite@^1.0.30001196:
  version "1.0.30001204"
  resolved "https://registry.yarnpkg.com/caniuse-lite/-/caniuse-lite-1.0.30001204.tgz#256c85709a348ec4d175e847a3b515c66e79f2aa"
  integrity sha512-JUdjWpcxfJ9IPamy2f5JaRDCaqJOxDzOSKtbdx4rH9VivMd1vIzoPumsJa9LoMIi4Fx2BV2KZOxWhNkBjaYivQ==

colorette@^1.2.1, colorette@^1.2.2:
  version "1.2.2"
  resolved "https://registry.yarnpkg.com/colorette/-/colorette-1.2.2.tgz#cbcc79d5e99caea2dbf10eb3a26fd8b3e6acfa94"
  integrity sha512-MKGMzyfeuutC/ZJ1cba9NqcNpfeqMUcYmyF1ZFY6/Cn7CNSAKx6a+s48sqLqyAiZuaP2TcqMhoo+dlwFnVxT9w==

electron-to-chromium@^1.3.649:
  version "1.3.700"
  resolved "https://registry.yarnpkg.com/electron-to-chromium/-/electron-to-chromium-1.3.700.tgz#a6999a954c698dc7da5e84c369d65432dbe895be"
  integrity sha512-wQtaxVZzpOeCjW1CGuC5W3bYjE2jglvk076LcTautBOB9UtHztty7wNzjVsndiMcSsdUsdMy5w76w5J1U7OPTQ==

escalade@^3.1.1:
  version "3.1.1"
  resolved "https://registry.yarnpkg.com/escalade/-/escalade-3.1.1.tgz#d8cfdc7000965c5a0174b4a82eaa5c0552742e40"
  integrity sha512-k0er2gUkLf8O0zKJiAhmkTnJlTvINGv7ygDNPbeIsX/TJjGJZHuh9B2UxbsaEkmlEo9MfhrSzmhIlhRlI2GXnw==

fraction.js@^4.0.13:
  version "4.0.13"
  resolved "https://registry.yarnpkg.com/fraction.js/-/fraction.js-4.0.13.tgz#3c1c315fa16b35c85fffa95725a36fa729c69dfe"
  integrity sha512-E1fz2Xs9ltlUp+qbiyx9wmt2n9dRzPsS11Jtdb8D2o+cC7wr9xkkKsVKJuBX0ST+LVS+LhLO+SbLJNtfWcJvXA==

node-releases@^1.1.70:
  version "1.1.71"
  resolved "https://registry.yarnpkg.com/node-releases/-/node-releases-1.1.71.tgz#cb1334b179896b1c89ecfdd4b725fb7bbdfc7dbb"
  integrity sha512-zR6HoT6LrLCRBwukmrVbHv0EpEQjksO6GmFcZQQuCAy139BEsoVKPYnf3jongYW83fAa1torLGYwxxky/p28sg==

normalize-range@^0.1.2:
  version "0.1.2"
  resolved "https://registry.yarnpkg.com/normalize-range/-/normalize-range-0.1.2.tgz#2d10c06bdfd312ea9777695a4d28439456b75942"
  integrity sha1-LRDAa9/TEuqXd2laTShDlFa3WUI=

postcss-value-parser@^4.1.0:
  version "4.1.0"
  resolved "https://registry.yarnpkg.com/postcss-value-parser/-/postcss-value-parser-4.1.0.tgz#443f6a20ced6481a2bda4fa8532a6e55d789a2cb"
  integrity sha512-97DXOFbQJhk71ne5/Mt6cOu6yxsSfM0QGQyl0L25Gca4yGWEGJaig7l7gbCX623VqTBNGLRLaVUCnNkcedlRSQ==
